
Microsoft Visual Studio Solution File, Format Version 12.00
# Visual Studio Version 16
VisualStudioVersion = 16.0.31702.278
MinimumVisualStudioVersion = 10.0.40219.1
Project("{FAE04EC0-301F-11D3-BF4B-00C04F79EFBC}") = "3Tier-Lab-25-Oct", "3Tier-Lab-25-Oct\3Tier-Lab-25-Oct.csproj", "{DCA22CB4-B0E7-427F-96CB-557C7DC7DB3F}"
EndProject
Project("{FAE04EC0-301F-11D3-BF4B-00C04F79EFBC}") = "AppProps", "AppProps\AppProps.csproj", "{833B2B51-F207-4B86-BFEF-6FC70ECBD3B4}"
EndProject
Project("{FAE04EC0-301F-11D3-BF4B-00C04F79EFBC}") = "DAL", "DAL\DAL.csproj", "{DF6A21B4-45A4-43F6-9146-E335F775F715}"
EndProject
Project("{FAE04EC0-301F-11D3-BF4B-00C04F79EFBC}") = "BLL", "BLL\BLL.csproj", "{1CC67B78-B38C-4068-A8C2-0E204F518143}"
EndProject
Project("{FAE04EC0-301F-11D3-BF4B-00C04F79EFBC}") = "3TierWinApp", "3TierWinApp\3TierWinApp.csproj", "{4D421468-0CAF-4252-9B3C-C678A73D28DF}"
EndProject
Global
	GlobalSection(SolutionConfigurationPlatforms) = preSolution
		Debug|Any CPU = Debug|Any CPU
		Release|Any CPU = Release|Any CPU
	EndGlobalSection
	GlobalSection(ProjectConfigurationPlatforms) = postSolution
		{DCA22CB4-B0E7-427F-96CB-557C7DC7DB3F}.Debug|Any CPU.ActiveCfg = Debug|Any CPU
		{DCA22CB4-B0E7-427F-96CB-557C7DC7DB3F}.Debug|Any CPU.Build.0 = Debug|Any CPU
		{DCA22CB4-B0E7-427F-96CB-557C7DC7DB3F}.Release|Any CPU.ActiveCfg = Release|Any CPU
		{DCA22CB4-B0E7-427F-96CB-557C7DC7DB3F}.Release|Any CPU.Build.0 = Release|Any CPU
		{833B2B51-F207-4B86-BFEF-6FC70ECBD3B4}.Debug|Any CPU.ActiveCfg = Debug|Any CPU
		{833B2B51-F207-4B86-BFEF-6FC70ECBD3B4}.Debug|Any CPU.Build.0 = Debug|Any CPU
		{833B2B51-F207-4B86-BFEF-6FC70ECBD3B4}.Release|Any CPU.ActiveCfg = Release|Any CPU
		{833B2B51-F207-4B86-BFEF-6FC70ECBD3B4}.Release|Any CPU.Build.0 = Release|Any CPU
		{DF6A21B4-45A4-43F6-9146-E335F775F715}.Debug|Any CPU.ActiveCfg = Debug|Any CPU
		{DF6A21B4-45A4-43F6-9146-E335F775F715}.Debug|Any CPU.Build.0 = Debug|Any CPU
		{DF6A21B4-45A4-43F6-9146-E335F775F715}.Release|Any CPU.ActiveCfg = Release|Any CPU
		{DF6A21B4-45A4-43F6-9146-E335F775F715}.Release|Any CPU.Build.0 = Release|Any CPU
		{1CC67B78-B38C-4068-A8C2-0E204F518143}.Debug|Any CPU.ActiveCfg = Debug|Any CPU
		{1CC67B78-B38C-4068-A8C2-0E204F518143}.Debug|Any CPU.Build.0 = Debug|Any CPU
		{1CC67B78-B38C-4068-A8C2-0E204F518143}.Release|Any CPU.ActiveCfg = Release|Any CPU
		{1CC67B78-B38C-4068-A8C2-0E204F518143}.Release|Any CPU.Build.0 = Release|Any CPU
		{4D421468-0CAF-4252-9B3C-C678A73D28DF}.Debug|Any CPU.ActiveCfg = Debug|Any CPU
		{4D421468-0CAF-4252-9B3C-C678A73D28DF}.Debug|Any CPU.Build.0 = Debug|Any CPU
		{4D421468-0CAF-4252-9B3C-C678A73D28DF}.Release|Any CPU.ActiveCfg = Release|Any CPU
		{4D421468-0CAF-4252-9B3C-C678A73D28DF}.Release|Any CPU.Build.0 = Release|Any CPU
	EndGlobalSection
	GlobalSection(SolutionProperties) = preSolution
		HideSolutionNode = FALSE
	EndGlobalSection
	GlobalSection(ExtensibilityGlobals) = postSolution
		SolutionGuid = {E089EEA4-A447-406E-AE56-61DABD1536A1}
	EndGlobalSection
EndGlobal
